
Microsoft Visual Studio Solution File, Format Version 12.00
# Visual Studio 15
VisualStudioVersion = 15.0.27703.2000
MinimumVisualStudioVersion = 10.0.40219.1
Project("{FAE04EC0-301F-11D3-BF4B-00C04F79EFBC}") = "ServoAuto", "ServoAuto\ServoAuto.csproj", "{5E27CE9F-1EC9-4FD3-941A-7158B6A66C0A}"
EndProject
Global
	GlobalSection(SolutionConfigurationPlatforms) = preSolution
		Debug|Any CPU = Debug|Any CPU
		Release|Any CPU = Release|Any CPU
	EndGlobalSection
	GlobalSection(ProjectConfigurationPlatforms) = postSolution
		{5E27CE9F-1EC9-4FD3-941A-7158B6A66C0A}.Debug|Any CPU.ActiveCfg = Debug|Any CPU
		{5E27CE9F-1EC9-4FD3-941A-7158B6A66C0A}.Debug|Any CPU.Build.0 = Debug|Any CPU
		{5E27CE9F-1EC9-4FD3-941A-7158B6A66C0A}.Release|Any CPU.ActiveCfg = Release|Any CPU
		{5E27CE9F-1EC9-4FD3-941A-7158B6A66C0A}.Release|Any CPU.Build.0 = Release|Any CPU
	EndGlobalSection
	GlobalSection(SolutionProperties) = preSolution
		HideSolutionNode = FALSE
	EndGlobalSection
	GlobalSection(ExtensibilityGlobals) = postSolution
		SolutionGuid = {F03F2D2A-7831-421D-B22A-C77F604462C8}
	EndGlobalSection
EndGlobal
